
Microsoft Visual Studio Solution File, Format Version 12.00
# Visual Studio Version 17
VisualStudioVersion = 17.13.35818.85
MinimumVisualStudioVersion = 10.0.40219.1
Project("{FAE04EC0-301F-11D3-BF4B-00C04F79EFBC}") = "WpfApp1", "WpfApp1.csproj", "{A5847E11-72E3-4BE5-B55A-57D2AB69FF2C}"
EndProject
Global
	GlobalSection(SolutionConfigurationPlatforms) = preSolution
		Debug|Any CPU = Debug|Any CPU
		Debug|x64 = Debug|x64
		Release|Any CPU = Release|Any CPU
		Release|x64 = Release|x64
	EndGlobalSection
	GlobalSection(ProjectConfigurationPlatforms) = postSolution
		{A5847E11-72E3-4BE5-B55A-57D2AB69FF2C}.Debug|Any CPU.ActiveCfg = Debug|Any CPU
		{A5847E11-72E3-4BE5-B55A-57D2AB69FF2C}.Debug|Any CPU.Build.0 = Debug|Any CPU
		{A5847E11-72E3-4BE5-B55A-57D2AB69FF2C}.Debug|x64.ActiveCfg = Debug|x64
		{A5847E11-72E3-4BE5-B55A-57D2AB69FF2C}.Debug|x64.Build.0 = Debug|x64
		{A5847E11-72E3-4BE5-B55A-57D2AB69FF2C}.Release|Any CPU.ActiveCfg = Release|Any CPU
		{A5847E11-72E3-4BE5-B55A-57D2AB69FF2C}.Release|Any CPU.Build.0 = Release|Any CPU
		{A5847E11-72E3-4BE5-B55A-57D2AB69FF2C}.Release|x64.ActiveCfg = Release|x64
		{A5847E11-72E3-4BE5-B55A-57D2AB69FF2C}.Release|x64.Build.0 = Release|x64
	EndGlobalSection
	GlobalSection(SolutionProperties) = preSolution
		HideSolutionNode = FALSE
	EndGlobalSection
	GlobalSection(ExtensibilityGlobals) = postSolution
		SolutionGuid = {BD7F9331-1CBC-41D9-AB93-EBBA4CCE7C7D}
	EndGlobalSection
EndGlobal
